// !$*UTF8*$!
{
	archiveVersion = 1;
	classes = {
	};
	objectVersion = 46;
	objects = {

/* Begin PBXBuildFile section */
		F5F746421A6A2B6A00605473 /* Foundation.framework in Frameworks */ = {isa = PBXBuildFile; fileRef = F5F746411A6A2B6A00605473 /* Foundation.framework */; };
		F5F746441A6A2B6A00605473 /* CoreGraphics.framework in Frameworks */ = {isa = PBXBuildFile; fileRef = F5F746431A6A2B6A00605473 /* CoreGraphics.framework */; };
		F5F746461A6A2B6A00605473 /* UIKit.framework in Frameworks */ = {isa = PBXBuildFile; fileRef = F5F746451A6A2B6A00605473 /* UIKit.framework */; };
		F5F7464C1A6A2B6A00605473 /* InfoPlist.strings in Resources */ = {isa = PBXBuildFile; fileRef = F5F7464A1A6A2B6A00605473 /* InfoPlist.strings */; };
		F5F7464E1A6A2B6A00605473 /* main.m in Sources */ = {isa = PBXBuildFile; fileRef = F5F7464D1A6A2B6A00605473 /* main.m */; };
		F5F746521A6A2B6A00605473 /* KBAppDelegate.m in Sources */ = {isa = PBXBuildFile; fileRef = F5F746511A6A2B6A00605473 /* KBAppDelegate.m */; };
		F5F746541A6A2B6A00605473 /* Images.xcassets in Resources */ = {isa = PBXBuildFile; fileRef = F5F746531A6A2B6A00605473 /* Images.xcassets */; };
		F5F7465B1A6A2B6A00605473 /* XCTest.framework in Frameworks */ = {isa = PBXBuildFile; fileRef = F5F7465A1A6A2B6A00605473 /* XCTest.framework */; };
		F5F7465C1A6A2B6A00605473 /* Foundation.framework in Frameworks */ = {isa = PBXBuildFile; fileRef = F5F746411A6A2B6A00605473 /* Foundation.framework */; };
		F5F7465D1A6A2B6A00605473 /* UIKit.framework in Frameworks */ = {isa = PBXBuildFile; fileRef = F5F746451A6A2B6A00605473 /* UIKit.framework */; };
		F5F746651A6A2B6A00605473 /* InfoPlist.strings in Resources */ = {isa = PBXBuildFile; fileRef = F5F746631A6A2B6A00605473 /* InfoPlist.strings */; };
		F5F746671A6A2B6A00605473 /* wanderwiseTests.m in Sources */ = {isa = PBXBuildFile; fileRef = F5F746661A6A2B6A00605473 /* wanderwiseTests.m */; };
/* End PBXBuildFile section */

/* Begin PBXContainerItemProxy section */
		F5F7465E1A6A2B6A00605473 /* PBXContainerItemProxy */ = {
			isa = PBXContainerItemProxy;
			containerPortal = F5F746361A6A2B6A00605473 /* Project object */;
			proxyType = 1;
			remoteGlobalIDString = F5F7463D1A6A2B6A00605473;
			remoteInfo = wanderwise;
		};
/* End PBXContainerItemProxy section */

/* Begin PBXFileReference section */
		F5F7463E1A6A2B6A00605473 /* wanderwise.app */ = {isa = PBXFileReference; explicitFileType = wrapper.application; includeInIndex = 0; path = wanderwise.app; sourceTree = BUILT_PRODUCTS_DIR; };
		F5F746411A6A2B6A00605473 /* Foundation.framework */ = {isa = PBXFileReference; lastKnownFileType = wrapper.framework; name = Foundation.framework; path = System/Library/Frameworks/Foundation.framework; sourceTree = SDKROOT; };
		F5F746431A6A2B6A00605473 /* CoreGraphics.framework */ = {isa = PBXFileReference; lastKnownFileType = wrapper.framework; name = CoreGraphics.framework; path = System/Library/Frameworks/CoreGraphics.framework; sourceTree = SDKROOT; };
		F5F746451A6A2B6A00605473 /* UIKit.framework */ = {isa = PBXFileReference; lastKnownFileType = wrapper.framework; name = UIKit.framework; path = System/Library/Frameworks/UIKit.framework; sourceTree = SDKROOT; };
		F5F746491A6A2B6A00605473 /* wanderwise-Info.plist */ = {isa = PBXFileReference; lastKnownFileType = text.plist.xml; path = "wanderwise-Info.plist"; sourceTree = "<group>"; };
		F5F7464B1A6A2B6A00605473 /* en */ = {isa = PBXFileReference; lastKnownFileType = text.plist.strings; name = en; path = en.lproj/InfoPlist.strings; sourceTree = "<group>"; };
		F5F7464D1A6A2B6A00605473 /* main.m */ = {isa = PBXFileReference; lastKnownFileType = sourcecode.c.objc; path = main.m; sourceTree = "<group>"; };
		F5F7464F1A6A2B6A00605473 /* wanderwise-Prefix.pch */ = {isa = PBXFileReference; lastKnownFileType = sourcecode.c.h; path = "wanderwise-Prefix.pch"; sourceTree = "<group>"; };
		F5F746501A6A2B6A00605473 /* KBAppDelegate.h */ = {isa = PBXFileReference; lastKnownFileType = sourcecode.c.h; path = KBAppDelegate.h; sourceTree = "<group>"; };
		F5F746511A6A2B6A00605473 /* KBAppDelegate.m */ = {isa = PBXFileReference; lastKnownFileType = sourcecode.c.objc; path = KBAppDelegate.m; sourceTree = "<group>"; };
		F5F746531A6A2B6A00605473 /* Images.xcassets */ = {isa = PBXFileReference; lastKnownFileType = folder.assetcatalog; path = Images.xcassets; sourceTree = "<group>"; };
		F5F746591A6A2B6A00605473 /* wanderwiseTests.xctest */ = {isa = PBXFileReference; explicitFileType = wrapper.cfbundle; includeInIndex = 0; path = wanderwiseTests.xctest; sourceTree = BUILT_PRODUCTS_DIR; };
		F5F7465A1A6A2B6A00605473 /* XCTest.framework */ = {isa = PBXFileReference; lastKnownFileType = wrapper.framework; name = XCTest.framework; path = Library/Frameworks/XCTest.framework; sourceTree = DEVELOPER_DIR; };
		F5F746621A6A2B6A00605473 /* wanderwiseTests-Info.plist */ = {isa = PBXFileReference; lastKnownFileType = text.plist.xml; path = "wanderwiseTests-Info.plist"; sourceTree = "<group>"; };
		F5F746641A6A2B6A00605473 /* en */ = {isa = PBXFileReference; lastKnownFileType = text.plist.strings; name = en; path = en.lproj/InfoPlist.strings; sourceTree = "<group>"; };
		F5F746661A6A2B6A00605473 /* wanderwiseTests.m */ = {isa = PBXFileReference; lastKnownFileType = sourcecode.c.objc; path = wanderwiseTests.m; sourceTree = "<group>"; };
/* End PBXFileReference section */

/* Begin PBXFrameworksBuildPhase section */
		F5F7463B1A6A2B6A00605473 /* Frameworks */ = {
			isa = PBXFrameworksBuildPhase;
			buildActionMask = 2147483647;
			files = (
				F5F746441A6A2B6A00605473 /* CoreGraphics.framework in Frameworks */,
				F5F746461A6A2B6A00605473 /* UIKit.framework in Frameworks */,
				F5F746421A6A2B6A00605473 /* Foundation.framework in Frameworks */,
			);
			runOnlyForDeploymentPostprocessing = 0;
		};
		F5F746561A6A2B6A00605473 /* Frameworks */ = {
			isa = PBXFrameworksBuildPhase;
			buildActionMask = 2147483647;
			files = (
				F5F7465B1A6A2B6A00605473 /* XCTest.framework in Frameworks */,
				F5F7465D1A6A2B6A00605473 /* UIKit.framework in Frameworks */,
				F5F7465C1A6A2B6A00605473 /* Foundation.framework in Frameworks */,
			);
			runOnlyForDeploymentPostprocessing = 0;
		};
/* End PBXFrameworksBuildPhase section */

/* Begin PBXGroup section */
		F5F746351A6A2B6A00605473 = {
			isa = PBXGroup;
			children = (
				F5F746471A6A2B6A00605473 /* wanderwise */,
				F5F746601A6A2B6A00605473 /* wanderwiseTests */,
				F5F746401A6A2B6A00605473 /* Frameworks */,
				F5F7463F1A6A2B6A00605473 /* Products */,
			);
			sourceTree = "<group>";
		};
		F5F7463F1A6A2B6A00605473 /* Products */ = {
			isa = PBXGroup;
			children = (
				F5F7463E1A6A2B6A00605473 /* wanderwise.app */,
				F5F746591A6A2B6A00605473 /* wanderwiseTests.xctest */,
			);
			name = Products;
			sourceTree = "<group>";
		};
		F5F746401A6A2B6A00605473 /* Frameworks */ = {
			isa = PBXGroup;
			children = (
				F5F746411A6A2B6A00605473 /* Foundation.framework */,
				F5F746431A6A2B6A00605473 /* CoreGraphics.framework */,
				F5F746451A6A2B6A00605473 /* UIKit.framework */,
				F5F7465A1A6A2B6A00605473 /* XCTest.framework */,
			);
			name = Frameworks;
			sourceTree = "<group>";
		};
		F5F746471A6A2B6A00605473 /* wanderwise */ = {
			isa = PBXGroup;
			children = (
				F5F746501A6A2B6A00605473 /* KBAppDelegate.h */,
				F5F746511A6A2B6A00605473 /* KBAppDelegate.m */,
				F5F746531A6A2B6A00605473 /* Images.xcassets */,
				F5F746481A6A2B6A00605473 /* Supporting Files */,
			);
			path = wanderwise;
			sourceTree = "<group>";
		};
		F5F746481A6A2B6A00605473 /* Supporting Files */ = {
			isa = PBXGroup;
			children = (
				F5F746491A6A2B6A00605473 /* wanderwise-Info.plist */,
				F5F7464A1A6A2B6A00605473 /* InfoPlist.strings */,
				F5F7464D1A6A2B6A00605473 /* main.m */,
				F5F7464F1A6A2B6A00605473 /* wanderwise-Prefix.pch */,
			);
			name = "Supporting Files";
			sourceTree = "<group>";
		};
		F5F746601A6A2B6A00605473 /* wanderwiseTests */ = {
			isa = PBXGroup;
			children = (
				F5F746661A6A2B6A00605473 /* wanderwiseTests.m */,
				F5F746611A6A2B6A00605473 /* Supporting Files */,
			);
			path = wanderwiseTests;
			sourceTree = "<group>";
		};
		F5F746611A6A2B6A00605473 /* Supporting Files */ = {
			isa = PBXGroup;
			children = (
				F5F746621A6A2B6A00605473 /* wanderwiseTests-Info.plist */,
				F5F746631A6A2B6A00605473 /* InfoPlist.strings */,
			);
			name = "Supporting Files";
			sourceTree = "<group>";
		};
/* End PBXGroup section */

/* Begin PBXNativeTarget section */
		F5F7463D1A6A2B6A00605473 /* wanderwise */ = {
			isa = PBXNativeTarget;
			buildConfigurationList = F5F7466A1A6A2B6A00605473 /* Build configuration list for PBXNativeTarget "wanderwise" */;
			buildPhases = (
				F5F7463A1A6A2B6A00605473 /* Sources */,
				F5F7463B1A6A2B6A00605473 /* Frameworks */,
				F5F7463C1A6A2B6A00605473 /* Resources */,
			);
			buildRules = (
			);
			dependencies = (
			);
			name = wanderwise;
			productName = wanderwise;
			productReference = F5F7463E1A6A2B6A00605473 /* wanderwise.app */;
			productType = "com.apple.product-type.application";
		};
		F5F746581A6A2B6A00605473 /* wanderwiseTests */ = {
			isa = PBXNativeTarget;
			buildConfigurationList = F5F7466D1A6A2B6A00605473 /* Build configuration list for PBXNativeTarget "wanderwiseTests" */;
			buildPhases = (
				F5F746551A6A2B6A00605473 /* Sources */,
				F5F746561A6A2B6A00605473 /* Frameworks */,
				F5F746571A6A2B6A00605473 /* Resources */,
			);
			buildRules = (
			);
			dependencies = (
				F5F7465F1A6A2B6A00605473 /* PBXTargetDependency */,
			);
			name = wanderwiseTests;
			productName = wanderwiseTests;
			productReference = F5F746591A6A2B6A00605473 /* wanderwiseTests.xctest */;
			productType = "com.apple.product-type.bundle.unit-test";
		};
/* End PBXNativeTarget section */

/* Begin PBXProject section */
		F5F746361A6A2B6A00605473 /* Project object */ = {
			isa = PBXProject;
			attributes = {
				CLASSPREFIX = KB;
				LastUpgradeCheck = 0510;
				ORGANIZATIONNAME = kurtbardd;
				TargetAttributes = {
					F5F746581A6A2B6A00605473 = {
						TestTargetID = F5F7463D1A6A2B6A00605473;
					};
				};
			};
			buildConfigurationList = F5F746391A6A2B6A00605473 /* Build configuration list for PBXProject "wanderwise" */;
			compatibilityVersion = "Xcode 3.2";
			developmentRegion = English;
			hasScannedForEncodings = 0;
			knownRegions = (
				en,
			);
			mainGroup = F5F746351A6A2B6A00605473;
			productRefGroup = F5F7463F1A6A2B6A00605473 /* Products */;
			projectDirPath = "";
			projectRoot = "";
			targets = (
				F5F7463D1A6A2B6A00605473 /* wanderwise */,
				F5F746581A6A2B6A00605473 /* wanderwiseTests */,
			);
		};
/* End PBXProject section */

/* Begin PBXResourcesBuildPhase section */
		F5F7463C1A6A2B6A00605473 /* Resources */ = {
			isa = PBXResourcesBuildPhase;
			buildActionMask = 2147483647;
			files = (
				F5F7464C1A6A2B6A00605473 /* InfoPlist.strings in Resources */,
				F5F746541A6A2B6A00605473 /* Images.xcassets in Resources */,
			);
			runOnlyForDeploymentPostprocessing = 0;
		};
		F5F746571A6A2B6A00605473 /* Resources */ = {
			isa = PBXResourcesBuildPhase;
			buildActionMask = 2147483647;
			files = (
				F5F746651A6A2B6A00605473 /* InfoPlist.strings in Resources */,
			);
			runOnlyForDeploymentPostprocessing = 0;
		};
/* End PBXResourcesBuildPhase section */

/* Begin PBXSourcesBuildPhase section */
		F5F7463A1A6A2B6A00605473 /* Sources */ = {
			isa = PBXSourcesBuildPhase;
			buildActionMask = 2147483647;
			files = (
				F5F7464E1A6A2B6A00605473 /* main.m in Sources */,
				F5F746521A6A2B6A00605473 /* KBAppDelegate.m in Sources */,
			);
			runOnlyForDeploymentPostprocessing = 0;
		};
		F5F746551A6A2B6A00605473 /* Sources */ = {
			isa = PBXSourcesBuildPhase;
			buildActionMask = 2147483647;
			files = (
				F5F746671A6A2B6A00605473 /* wanderwiseTests.m in Sources */,
			);
			runOnlyForDeploymentPostprocessing = 0;
		};
/* End PBXSourcesBuildPhase section */

/* Begin PBXTargetDependency section */
		F5F7465F1A6A2B6A00605473 /* PBXTargetDependency */ = {
			isa = PBXTargetDependency;
			target = F5F7463D1A6A2B6A00605473 /* wanderwise */;
			targetProxy = F5F7465E1A6A2B6A00605473 /* PBXContainerItemProxy */;
		};
/* End PBXTargetDependency section */

/* Begin PBXVariantGroup section */
		F5F7464A1A6A2B6A00605473 /* InfoPlist.strings */ = {
			isa = PBXVariantGroup;
			children = (
				F5F7464B1A6A2B6A00605473 /* en */,
			);
			name = InfoPlist.strings;
			sourceTree = "<group>";
		};
		F5F746631A6A2B6A00605473 /* InfoPlist.strings */ = {
			isa = PBXVariantGroup;
			children = (
				F5F746641A6A2B6A00605473 /* en */,
			);
			name = InfoPlist.strings;
			sourceTree = "<group>";
		};
/* End PBXVariantGroup section */

/* Begin XCBuildConfiguration section */
		F5F746681A6A2B6A00605473 /* Debug */ = {
			isa = XCBuildConfiguration;
			buildSettings = {
				ALWAYS_SEARCH_USER_PATHS = NO;
				CLANG_CXX_LANGUAGE_STANDARD = "gnu++0x";
				CLANG_CXX_LIBRARY = "libc++";
				CLANG_ENABLE_MODULES = YES;
				CLANG_ENABLE_OBJC_ARC = YES;
				CLANG_WARN_BOOL_CONVERSION = YES;
				CLANG_WARN_CONSTANT_CONVERSION = YES;
				CLANG_WARN_DIRECT_OBJC_ISA_USAGE = YES_ERROR;
				CLANG_WARN_EMPTY_BODY = YES;
				CLANG_WARN_ENUM_CONVERSION = YES;
				CLANG_WARN_INT_CONVERSION = YES;
				CLANG_WARN_OBJC_ROOT_CLASS = YES_ERROR;
				CLANG_WARN__DUPLICATE_METHOD_MATCH = YES;
				"CODE_SIGN_IDENTITY[sdk=iphoneos*]" = "iPhone Developer";
				COPY_PHASE_STRIP = NO;
				GCC_C_LANGUAGE_STANDARD = gnu99;
				GCC_DYNAMIC_NO_PIC = NO;
				GCC_OPTIMIZATION_LEVEL = 0;
				GCC_PREPROCESSOR_DEFINITIONS = (
					"DEBUG=1",
					"$(inherited)",
				);
				GCC_SYMBOLS_PRIVATE_EXTERN = NO;
				GCC_WARN_64_TO_32_BIT_CONVERSION = YES;
				GCC_WARN_ABOUT_RETURN_TYPE = YES_ERROR;
				GCC_WARN_UNDECLARED_SELECTOR = YES;
				GCC_WARN_UNINITIALIZED_AUTOS = YES_AGGRESSIVE;
				GCC_WARN_UNUSED_FUNCTION = YES;
				GCC_WARN_UNUSED_VARIABLE = YES;
				IPHONEOS_DEPLOYMENT_TARGET = 7.0;
				ONLY_ACTIVE_ARCH = YES;
				SDKROOT = iphoneos;
			};
			name = Debug;
		};
		F5F746691A6A2B6A00605473 /* Release */ = {
			isa = XCBuildConfiguration;
			buildSettings = {
				ALWAYS_SEARCH_USER_PATHS = NO;
				CLANG_CXX_LANGUAGE_STANDARD = "gnu++0x";
				CLANG_CXX_LIBRARY = "libc++";
				CLANG_ENABLE_MODULES = YES;
				CLANG_ENABLE_OBJC_ARC = YES;
				CLANG_WARN_BOOL_CONVERSION = YES;
				CLANG_WARN_CONSTANT_CONVERSION = YES;
				CLANG_WARN_DIRECT_OBJC_ISA_USAGE = YES_ERROR;
				CLANG_WARN_EMPTY_BODY = YES;
				CLANG_WARN_ENUM_CONVERSION = YES;
				CLANG_WARN_INT_CONVERSION = YES;
				CLANG_WARN_OBJC_ROOT_CLASS = YES_ERROR;
				CLANG_WARN__DUPLICATE_METHOD_MATCH = YES;
				"CODE_SIGN_IDENTITY[sdk=iphoneos*]" = "iPhone Developer";
				COPY_PHASE_STRIP = YES;
				ENABLE_NS_ASSERTIONS = NO;
				GCC_C_LANGUAGE_STANDARD = gnu99;
				GCC_WARN_64_TO_32_BIT_CONVERSION = YES;
				GCC_WARN_ABOUT_RETURN_TYPE = YES_ERROR;
				GCC_WARN_UNDECLARED_SELECTOR = YES;
				GCC_WARN_UNINITIALIZED_AUTOS = YES_AGGRESSIVE;
				GCC_WARN_UNUSED_FUNCTION = YES;
				GCC_WARN_UNUSED_VARIABLE = YES;
				IPHONEOS_DEPLOYMENT_TARGET = 7.0;
				SDKROOT = iphoneos;
				VALIDATE_PRODUCT = YES;
			};
			name = Release;
		};
		F5F7466B1A6A2B6A00605473 /* Debug */ = {
			isa = XCBuildConfiguration;
			buildSettings = {
				ASSETCATALOG_COMPILER_APPICON_NAME = AppIcon;
				ASSETCATALOG_COMPILER_LAUNCHIMAGE_NAME = LaunchImage;
				GCC_PRECOMPILE_PREFIX_HEADER = YES;
				GCC_PREFIX_HEADER = "wanderwise/wanderwise-Prefix.pch";
				INFOPLIST_FILE = "wanderwise/wanderwise-Info.plist";
				IPHONEOS_DEPLOYMENT_TARGET = 7.0;
				PRODUCT_NAME = "$(TARGET_NAME)";
				WRAPPER_EXTENSION = app;
			};
			name = Debug;
		};
		F5F7466C1A6A2B6A00605473 /* Release */ = {
			isa = XCBuildConfiguration;
			buildSettings = {
				ASSETCATALOG_COMPILER_APPICON_NAME = AppIcon;
				ASSETCATALOG_COMPILER_LAUNCHIMAGE_NAME = LaunchImage;
				GCC_PRECOMPILE_PREFIX_HEADER = YES;
				GCC_PREFIX_HEADER = "wanderwise/wanderwise-Prefix.pch";
				INFOPLIST_FILE = "wanderwise/wanderwise-Info.plist";
				IPHONEOS_DEPLOYMENT_TARGET = 7.0;
				PRODUCT_NAME = "$(TARGET_NAME)";
				WRAPPER_EXTENSION = app;
			};
			name = Release;
		};
		F5F7466E1A6A2B6A00605473 /* Debug */ = {
			isa = XCBuildConfiguration;
			buildSettings = {
				BUNDLE_LOADER = "$(BUILT_PRODUCTS_DIR)/wanderwise.app/wanderwise";
				FRAMEWORK_SEARCH_PATHS = (
					"$(SDKROOT)/Developer/Library/Frameworks",
					"$(inherited)",
					"$(DEVELOPER_FRAMEWORKS_DIR)",
				);
				GCC_PRECOMPILE_PREFIX_HEADER = YES;
				GCC_PREFIX_HEADER = "wanderwise/wanderwise-Prefix.pch";
				GCC_PREPROCESSOR_DEFINITIONS = (
					"DEBUG=1",
					"$(inherited)",
				);
				INFOPLIST_FILE = "wanderwiseTests/wanderwiseTests-Info.plist";
				PRODUCT_NAME = "$(TARGET_NAME)";
				TEST_HOST = "$(BUNDLE_LOADER)";
				WRAPPER_EXTENSION = xctest;
			};
			name = Debug;
		};
		F5F7466F1A6A2B6A00605473 /* Release */ = {
			isa = XCBuildConfiguration;
			buildSettings = {
				BUNDLE_LOADER = "$(BUILT_PRODUCTS_DIR)/wanderwise.app/wanderwise";
				FRAMEWORK_SEARCH_PATHS = (
					"$(SDKROOT)/Developer/Library/Frameworks",
					"$(inherited)",
					"$(DEVELOPER_FRAMEWORKS_DIR)",
				);
				GCC_PRECOMPILE_PREFIX_HEADER = YES;
				GCC_PREFIX_HEADER = "wanderwise/wanderwise-Prefix.pch";
				INFOPLIST_FILE = "wanderwiseTests/wanderwiseTests-Info.plist";
				PRODUCT_NAME = "$(TARGET_NAME)";
				TEST_HOST = "$(BUNDLE_LOADER)";
				WRAPPER_EXTENSION = xctest;
			};
			name = Release;
		};
/* End XCBuildConfiguration section */

/* Begin XCConfigurationList section */
		F5F746391A6A2B6A00605473 /* Build configuration list for PBXProject "wanderwise" */ = {
			isa = XCConfigurationList;
			buildConfigurations = (
				F5F746681A6A2B6A00605473 /* Debug */,
				F5F746691A6A2B6A00605473 /* Release */,
			);
			defaultConfigurationIsVisible = 0;
			defaultConfigurationName = Release;
		};
		F5F7466A1A6A2B6A00605473 /* Build configuration list for PBXNativeTarget "wanderwise" */ = {
			isa = XCConfigurationList;
			buildConfigurations = (
				F5F7466B1A6A2B6A00605473 /* Debug */,
				F5F7466C1A6A2B6A00605473 /* Release */,
			);
			defaultConfigurationIsVisible = 0;
		};
		F5F7466D1A6A2B6A00605473 /* Build configuration list for PBXNativeTarget "wanderwiseTests" */ = {
			isa = XCConfigurationList;
			buildConfigurations = (
				F5F7466E1A6A2B6A00605473 /* Debug */,
				F5F7466F1A6A2B6A00605473 /* Release */,
			);
			defaultConfigurationIsVisible = 0;
		};
/* End XCConfigurationList section */
	};
	rootObject = F5F746361A6A2B6A00605473 /* Project object */;
}
